
Microsoft Visual Studio Solution File, Format Version 12.00
# Visual Studio 14
VisualStudioVersion = 14.0.25420.1
MinimumVisualStudioVersion = 10.0.40219.1
Project("{FAE04EC0-301F-11D3-BF4B-00C04F79EFBC}") = "Sightseer.Models", "Sightseer.Models\Sightseer.Models.csproj", "{E8483CBD-B191-4ADC-8CCA-24EDD972ACA1}"
EndProject
Project("{FAE04EC0-301F-11D3-BF4B-00C04F79EFBC}") = "Sightseer.WebApp", "Sightseer.WebApp\Sightseer.WebApp.csproj", "{278F9CF9-9A7C-47C9-BC08-F3F4573DE739}"
EndProject
Project("{FAE04EC0-301F-11D3-BF4B-00C04F79EFBC}") = "SightSeer.Data", "SightSeer.Data\SightSeer.Data.csproj", "{7F675417-0FE3-41AB-AF02-85855334BD83}"
EndProject
Global
	GlobalSection(SolutionConfigurationPlatforms) = preSolution
		Debug|Any CPU = Debug|Any CPU
		Release|Any CPU = Release|Any CPU
	EndGlobalSection
	GlobalSection(ProjectConfigurationPlatforms) = postSolution
		{E8483CBD-B191-4ADC-8CCA-24EDD972ACA1}.Debug|Any CPU.ActiveCfg = Debug|Any CPU
		{E8483CBD-B191-4ADC-8CCA-24EDD972ACA1}.Debug|Any CPU.Build.0 = Debug|Any CPU
		{E8483CBD-B191-4ADC-8CCA-24EDD972ACA1}.Release|Any CPU.ActiveCfg = Release|Any CPU
		{E8483CBD-B191-4ADC-8CCA-24EDD972ACA1}.Release|Any CPU.Build.0 = Release|Any CPU
		{278F9CF9-9A7C-47C9-BC08-F3F4573DE739}.Debug|Any CPU.ActiveCfg = Debug|Any CPU
		{278F9CF9-9A7C-47C9-BC08-F3F4573DE739}.Debug|Any CPU.Build.0 = Debug|Any CPU
		{278F9CF9-9A7C-47C9-BC08-F3F4573DE739}.Release|Any CPU.ActiveCfg = Release|Any CPU
		{278F9CF9-9A7C-47C9-BC08-F3F4573DE739}.Release|Any CPU.Build.0 = Release|Any CPU
		{7F675417-0FE3-41AB-AF02-85855334BD83}.Debug|Any CPU.ActiveCfg = Debug|Any CPU
		{7F675417-0FE3-41AB-AF02-85855334BD83}.Debug|Any CPU.Build.0 = Debug|Any CPU
		{7F675417-0FE3-41AB-AF02-85855334BD83}.Release|Any CPU.ActiveCfg = Release|Any CPU
		{7F675417-0FE3-41AB-AF02-85855334BD83}.Release|Any CPU.Build.0 = Release|Any CPU
	EndGlobalSection
	GlobalSection(SolutionProperties) = preSolution
		HideSolutionNode = FALSE
	EndGlobalSection
EndGlobal
